
Microsoft Visual Studio Solution File, Format Version 12.00
# Visual Studio Version 16
VisualStudioVersion = 16.0.31005.135
MinimumVisualStudioVersion = 10.0.40219.1
Project("{FAE04EC0-301F-11D3-BF4B-00C04F79EFBC}") = "PB.RevitWPFFW", "RevitWPFFW\PB.RevitWPFFW.csproj", "{2C55583F-A184-4E76-9F2C-C976D89D104A}"
EndProject
Project("{9A19103F-16F7-4668-BE54-9A1E7A4F7556}") = "PB.RevitWPFFW.ui", "RevitWPFFW.ui\PB.RevitWPFFW.ui.csproj", "{DCE04318-FE42-464B-86BC-4D60F1A7FCE6}"
EndProject
Project("{FAE04EC0-301F-11D3-BF4B-00C04F79EFBC}") = "PB.RevitWPFFW.res", "RevitWPFFW.res\PB.RevitWPFFW.res.csproj", "{4ABB7F68-520F-4956-8851-8AC0CD9BF9DE}"
EndProject
Project("{9A19103F-16F7-4668-BE54-9A1E7A4F7556}") = "PB.RevitWPFFW.core", "RevitWPFFW.core\PB.RevitWPFFW.core.csproj", "{B0DB87BA-A6FC-481C-BF58-DA4B4F791C0F}"
EndProject
Project("{930C7802-8A8C-48F9-8165-68863BCCD9DD}") = "Installer", "Installer\Installer.wixproj", "{71DAA12F-70EA-4E7E-AFD2-896BC48C0F06}"
EndProject
Project("{FAE04EC0-301F-11D3-BF4B-00C04F79EFBC}") = "PB.MVVMToolkit", "..\MVVMToolkit\MVVMToolkit\PB.MVVMToolkit.csproj", "{5982A92C-47BA-4EAD-BF1B-29555B08947C}"
EndProject
Global
	GlobalSection(SolutionConfigurationPlatforms) = preSolution
		Debug|Any CPU = Debug|Any CPU
		Debug|x86 = Debug|x86
		Release|Any CPU = Release|Any CPU
		Release|x86 = Release|x86
	EndGlobalSection
	GlobalSection(ProjectConfigurationPlatforms) = postSolution
		{2C55583F-A184-4E76-9F2C-C976D89D104A}.Debug|Any CPU.ActiveCfg = Debug|x64
		{2C55583F-A184-4E76-9F2C-C976D89D104A}.Debug|Any CPU.Build.0 = Debug|x64
		{2C55583F-A184-4E76-9F2C-C976D89D104A}.Debug|x86.ActiveCfg = Debug|Any CPU
		{2C55583F-A184-4E76-9F2C-C976D89D104A}.Debug|x86.Build.0 = Debug|Any CPU
		{2C55583F-A184-4E76-9F2C-C976D89D104A}.Release|Any CPU.ActiveCfg = Release|x64
		{2C55583F-A184-4E76-9F2C-C976D89D104A}.Release|Any CPU.Build.0 = Release|x64
		{2C55583F-A184-4E76-9F2C-C976D89D104A}.Release|x86.ActiveCfg = Release|Any CPU
		{2C55583F-A184-4E76-9F2C-C976D89D104A}.Release|x86.Build.0 = Release|Any CPU
		{DCE04318-FE42-464B-86BC-4D60F1A7FCE6}.Debug|Any CPU.ActiveCfg = Debug|x64
		{DCE04318-FE42-464B-86BC-4D60F1A7FCE6}.Debug|Any CPU.Build.0 = Debug|x64
		{DCE04318-FE42-464B-86BC-4D60F1A7FCE6}.Debug|x86.ActiveCfg = Debug|Any CPU
		{DCE04318-FE42-464B-86BC-4D60F1A7FCE6}.Debug|x86.Build.0 = Debug|Any CPU
		{DCE04318-FE42-464B-86BC-4D60F1A7FCE6}.Release|Any CPU.ActiveCfg = Release|x64
		{DCE04318-FE42-464B-86BC-4D60F1A7FCE6}.Release|Any CPU.Build.0 = Release|x64
		{DCE04318-FE42-464B-86BC-4D60F1A7FCE6}.Release|x86.ActiveCfg = Release|Any CPU
		{DCE04318-FE42-464B-86BC-4D60F1A7FCE6}.Release|x86.Build.0 = Release|Any CPU
		{4ABB7F68-520F-4956-8851-8AC0CD9BF9DE}.Debug|Any CPU.ActiveCfg = Debug|Any CPU
		{4ABB7F68-520F-4956-8851-8AC0CD9BF9DE}.Debug|Any CPU.Build.0 = Debug|Any CPU
		{4ABB7F68-520F-4956-8851-8AC0CD9BF9DE}.Debug|x86.ActiveCfg = Debug|Any CPU
		{4ABB7F68-520F-4956-8851-8AC0CD9BF9DE}.Debug|x86.Build.0 = Debug|Any CPU
		{4ABB7F68-520F-4956-8851-8AC0CD9BF9DE}.Release|Any CPU.ActiveCfg = Release|Any CPU
		{4ABB7F68-520F-4956-8851-8AC0CD9BF9DE}.Release|Any CPU.Build.0 = Release|Any CPU
		{4ABB7F68-520F-4956-8851-8AC0CD9BF9DE}.Release|x86.ActiveCfg = Release|Any CPU
		{4ABB7F68-520F-4956-8851-8AC0CD9BF9DE}.Release|x86.Build.0 = Release|Any CPU
		{B0DB87BA-A6FC-481C-BF58-DA4B4F791C0F}.Debug|Any CPU.ActiveCfg = Debug|x64
		{B0DB87BA-A6FC-481C-BF58-DA4B4F791C0F}.Debug|Any CPU.Build.0 = Debug|x64
		{B0DB87BA-A6FC-481C-BF58-DA4B4F791C0F}.Debug|x86.ActiveCfg = Debug|Any CPU
		{B0DB87BA-A6FC-481C-BF58-DA4B4F791C0F}.Debug|x86.Build.0 = Debug|Any CPU
		{B0DB87BA-A6FC-481C-BF58-DA4B4F791C0F}.Release|Any CPU.ActiveCfg = Release|x64
		{B0DB87BA-A6FC-481C-BF58-DA4B4F791C0F}.Release|Any CPU.Build.0 = Release|x64
		{B0DB87BA-A6FC-481C-BF58-DA4B4F791C0F}.Release|x86.ActiveCfg = Release|Any CPU
		{B0DB87BA-A6FC-481C-BF58-DA4B4F791C0F}.Release|x86.Build.0 = Release|Any CPU
		{71DAA12F-70EA-4E7E-AFD2-896BC48C0F06}.Debug|Any CPU.ActiveCfg = Debug|x86
		{71DAA12F-70EA-4E7E-AFD2-896BC48C0F06}.Debug|x86.ActiveCfg = Debug|x86
		{71DAA12F-70EA-4E7E-AFD2-896BC48C0F06}.Debug|x86.Build.0 = Debug|x86
		{71DAA12F-70EA-4E7E-AFD2-896BC48C0F06}.Release|Any CPU.ActiveCfg = Release|x86
		{71DAA12F-70EA-4E7E-AFD2-896BC48C0F06}.Release|x86.ActiveCfg = Release|x86
		{71DAA12F-70EA-4E7E-AFD2-896BC48C0F06}.Release|x86.Build.0 = Release|x86
		{5982A92C-47BA-4EAD-BF1B-29555B08947C}.Debug|Any CPU.ActiveCfg = Debug|x64
		{5982A92C-47BA-4EAD-BF1B-29555B08947C}.Debug|Any CPU.Build.0 = Debug|x64
		{5982A92C-47BA-4EAD-BF1B-29555B08947C}.Debug|x86.ActiveCfg = Debug|Any CPU
		{5982A92C-47BA-4EAD-BF1B-29555B08947C}.Debug|x86.Build.0 = Debug|Any CPU
		{5982A92C-47BA-4EAD-BF1B-29555B08947C}.Release|Any CPU.ActiveCfg = Release|x64
		{5982A92C-47BA-4EAD-BF1B-29555B08947C}.Release|Any CPU.Build.0 = Release|x64
		{5982A92C-47BA-4EAD-BF1B-29555B08947C}.Release|x86.ActiveCfg = Release|Any CPU
		{5982A92C-47BA-4EAD-BF1B-29555B08947C}.Release|x86.Build.0 = Release|Any CPU
	EndGlobalSection
	GlobalSection(SolutionProperties) = preSolution
		HideSolutionNode = FALSE
	EndGlobalSection
	GlobalSection(ExtensibilityGlobals) = postSolution
		SolutionGuid = {A197A3ED-7846-419D-B848-829A079D583B}
	EndGlobalSection
EndGlobal
